
Microsoft Visual Studio Solution File, Format Version 12.00
# Visual Studio Version 17
VisualStudioVersion = 17.10.35122.118
MinimumVisualStudioVersion = 10.0.40219.1
Project("{FAE04EC0-301F-11D3-BF4B-00C04F79EFBC}") = "KB14063_IgbGrid_RowDelete", "KB14063_IgbGrid_RowDelete.csproj", "{86287103-50EB-4FBE-BFE3-B8D64EBB6DC2}"
EndProject
Global
	GlobalSection(SolutionConfigurationPlatforms) = preSolution
		Debug|Any CPU = Debug|Any CPU
		Release|Any CPU = Release|Any CPU
	EndGlobalSection
	GlobalSection(ProjectConfigurationPlatforms) = postSolution
		{86287103-50EB-4FBE-BFE3-B8D64EBB6DC2}.Debug|Any CPU.ActiveCfg = Debug|Any CPU
		{86287103-50EB-4FBE-BFE3-B8D64EBB6DC2}.Debug|Any CPU.Build.0 = Debug|Any CPU
		{86287103-50EB-4FBE-BFE3-B8D64EBB6DC2}.Release|Any CPU.ActiveCfg = Release|Any CPU
		{86287103-50EB-4FBE-BFE3-B8D64EBB6DC2}.Release|Any CPU.Build.0 = Release|Any CPU
	EndGlobalSection
	GlobalSection(SolutionProperties) = preSolution
		HideSolutionNode = FALSE
	EndGlobalSection
	GlobalSection(ExtensibilityGlobals) = postSolution
		SolutionGuid = {77851F56-1285-4A7D-829B-04B80A9867BD}
	EndGlobalSection
EndGlobal
